
Microsoft Visual Studio Solution File, Format Version 12.00
# Visual Studio Version 16
VisualStudioVersion = 16.0.29613.14
MinimumVisualStudioVersion = 10.0.40219.1
Project("{FAE04EC0-301F-11D3-BF4B-00C04F79EFBC}") = "EDI-soapAPI", "EDI-soapAPI\EDI-soapAPI.csproj", "{148A3870-F1F8-4DBA-B6BB-11F90AE58FE7}"
EndProject
Project("{FAE04EC0-301F-11D3-BF4B-00C04F79EFBC}") = "SharedAPIFramework", "SharedAPIFramework\SharedAPIFramework.csproj", "{DA3F8C95-17F4-48E3-9756-4B874E27A93C}"
EndProject
Project("{FAE04EC0-301F-11D3-BF4B-00C04F79EFBC}") = "SoapService", "SoapService\SoapService\SoapService.csproj", "{C966E55A-C6E1-4A7B-AAF3-FDBE4CDDCA8D}"
EndProject
Global
	GlobalSection(SolutionConfigurationPlatforms) = preSolution
		Debug|Any CPU = Debug|Any CPU
		Release|Any CPU = Release|Any CPU
	EndGlobalSection
	GlobalSection(ProjectConfigurationPlatforms) = postSolution
		{148A3870-F1F8-4DBA-B6BB-11F90AE58FE7}.Debug|Any CPU.ActiveCfg = Debug|Any CPU
		{148A3870-F1F8-4DBA-B6BB-11F90AE58FE7}.Debug|Any CPU.Build.0 = Debug|Any CPU
		{148A3870-F1F8-4DBA-B6BB-11F90AE58FE7}.Release|Any CPU.ActiveCfg = Release|Any CPU
		{148A3870-F1F8-4DBA-B6BB-11F90AE58FE7}.Release|Any CPU.Build.0 = Release|Any CPU
		{DA3F8C95-17F4-48E3-9756-4B874E27A93C}.Debug|Any CPU.ActiveCfg = Debug|Any CPU
		{DA3F8C95-17F4-48E3-9756-4B874E27A93C}.Debug|Any CPU.Build.0 = Debug|Any CPU
		{DA3F8C95-17F4-48E3-9756-4B874E27A93C}.Release|Any CPU.ActiveCfg = Release|Any CPU
		{DA3F8C95-17F4-48E3-9756-4B874E27A93C}.Release|Any CPU.Build.0 = Release|Any CPU
		{C966E55A-C6E1-4A7B-AAF3-FDBE4CDDCA8D}.Debug|Any CPU.ActiveCfg = Debug|Any CPU
		{C966E55A-C6E1-4A7B-AAF3-FDBE4CDDCA8D}.Debug|Any CPU.Build.0 = Debug|Any CPU
		{C966E55A-C6E1-4A7B-AAF3-FDBE4CDDCA8D}.Release|Any CPU.ActiveCfg = Release|Any CPU
		{C966E55A-C6E1-4A7B-AAF3-FDBE4CDDCA8D}.Release|Any CPU.Build.0 = Release|Any CPU
	EndGlobalSection
	GlobalSection(SolutionProperties) = preSolution
		HideSolutionNode = FALSE
	EndGlobalSection
	GlobalSection(ExtensibilityGlobals) = postSolution
		SolutionGuid = {9F564224-1A6E-4E8D-AFE2-F230CEBAF84A}
	EndGlobalSection
EndGlobal
